{
  "name": "graph-space",
  "version": "1.0.0",
  "lockfileVersion": 1,
  "requires": true,
  "dependencies": {
    "vis-network": {
      "version": "6.4.7",
      "resolved": "https://registry.npmjs.org/vis-network/-/vis-network-6.4.7.tgz",
      "integrity": "sha512-qqjmNSNKw8/f2dSAJySp0Nhs9kk96bVAn+q+SP90btceh4nm3ydE9FkANlsrgVQ7kF/ZTOZqF7oljfy2nUa0Fw=="
    }
  }
}
